// !$*UTF8*$!
{
	archiveVersion = 1;
	classes = {
	};
	objectVersion = 56;
	objects = {

/* Begin PBXBuildFile section */
		543F711F298FCF340045E30D /* AlertActionConvertible.swift in Sources */ = {isa = PBXBuildFile; fileRef = 543F711E298FCF340045E30D /* AlertActionConvertible.swift */; };
		54B5F1A0298F840600FD4022 /* AppDelegate.swift in Sources */ = {isa = PBXBuildFile; fileRef = 54B5F19F298F840600FD4022 /* AppDelegate.swift */; };
		54B5F1A2298F840600FD4022 /* SceneDelegate.swift in Sources */ = {isa = PBXBuildFile; fileRef = 54B5F1A1298F840600FD4022 /* SceneDelegate.swift */; };
		54B5F1A9298F840700FD4022 /* Assets.xcassets in Resources */ = {isa = PBXBuildFile; fileRef = 54B5F1A8298F840700FD4022 /* Assets.xcassets */; };
		54B5F1AC298F840700FD4022 /* LaunchScreen.storyboard in Resources */ = {isa = PBXBuildFile; fileRef = 54B5F1AA298F840700FD4022 /* LaunchScreen.storyboard */; };
		54B5F1B5298F843000FD4022 /* RxCocoa in Frameworks */ = {isa = PBXBuildFile; productRef = 54B5F1B4298F843000FD4022 /* RxCocoa */; };
		54B5F1B7298F843000FD4022 /* RxRelay in Frameworks */ = {isa = PBXBuildFile; productRef = 54B5F1B6298F843000FD4022 /* RxRelay */; };
		54B5F1B9298F843000FD4022 /* RxSwift in Frameworks */ = {isa = PBXBuildFile; productRef = 54B5F1B8298F843000FD4022 /* RxSwift */; };
		54B5F1BC298F845000FD4022 /* Kingfisher in Frameworks */ = {isa = PBXBuildFile; productRef = 54B5F1BB298F845000FD4022 /* Kingfisher */; };
		54B5F1BF298F845E00FD4022 /* SnapKit in Frameworks */ = {isa = PBXBuildFile; productRef = 54B5F1BE298F845E00FD4022 /* SnapKit */; };
		54B5F1C1298F84C200FD4022 /* MainViewController.swift in Sources */ = {isa = PBXBuildFile; fileRef = 54B5F1C0298F84C200FD4022 /* MainViewController.swift */; };
		54B5F1C3298F85EB00FD4022 /* SearchBar.swift in Sources */ = {isa = PBXBuildFile; fileRef = 54B5F1C2298F85EB00FD4022 /* SearchBar.swift */; };
		54B5F1C5298F8E8600FD4022 /* FilterView.swift in Sources */ = {isa = PBXBuildFile; fileRef = 54B5F1C4298F8E8600FD4022 /* FilterView.swift */; };
		54B5F1C7298F907600FD4022 /* BlogList.swift in Sources */ = {isa = PBXBuildFile; fileRef = 54B5F1C6298F907600FD4022 /* BlogList.swift */; };
		54B5F1C9298F909400FD4022 /* BlogListCell.swift in Sources */ = {isa = PBXBuildFile; fileRef = 54B5F1C8298F909400FD4022 /* BlogListCell.swift */; };
		54B5F1CB298F909F00FD4022 /* BlogListCellData.swift in Sources */ = {isa = PBXBuildFile; fileRef = 54B5F1CA298F909F00FD4022 /* BlogListCellData.swift */; };
/* End PBXBuildFile section */

/* Begin PBXFileReference section */
		543F711E298FCF340045E30D /* AlertActionConvertible.swift */ = {isa = PBXFileReference; lastKnownFileType = sourcecode.swift; path = AlertActionConvertible.swift; sourceTree = "<group>"; };
		54B5F19C298F840600FD4022 /* SearchDaumBlog.app */ = {isa = PBXFileReference; explicitFileType = wrapper.application; includeInIndex = 0; path = SearchDaumBlog.app; sourceTree = BUILT_PRODUCTS_DIR; };
		54B5F19F298F840600FD4022 /* AppDelegate.swift */ = {isa = PBXFileReference; lastKnownFileType = sourcecode.swift; path = AppDelegate.swift; sourceTree = "<group>"; };
		54B5F1A1298F840600FD4022 /* SceneDelegate.swift */ = {isa = PBXFileReference; lastKnownFileType = sourcecode.swift; path = SceneDelegate.swift; sourceTree = "<group>"; };
		54B5F1A8298F840700FD4022 /* Assets.xcassets */ = {isa = PBXFileReference; lastKnownFileType = folder.assetcatalog; path = Assets.xcassets; sourceTree = "<group>"; };
		54B5F1AB298F840700FD4022 /* Base */ = {isa = PBXFileReference; lastKnownFileType = file.storyboard; name = Base; path = Base.lproj/LaunchScreen.storyboard; sourceTree = "<group>"; };
		54B5F1AD298F840700FD4022 /* Info.plist */ = {isa = PBXFileReference; lastKnownFileType = text.plist.xml; path = Info.plist; sourceTree = "<group>"; };
		54B5F1C0298F84C200FD4022 /* MainViewController.swift */ = {isa = PBXFileReference; lastKnownFileType = sourcecode.swift; path = MainViewController.swift; sourceTree = "<group>"; };
		54B5F1C2298F85EB00FD4022 /* SearchBar.swift */ = {isa = PBXFileReference; lastKnownFileType = sourcecode.swift; path = SearchBar.swift; sourceTree = "<group>"; };
		54B5F1C4298F8E8600FD4022 /* FilterView.swift */ = {isa = PBXFileReference; lastKnownFileType = sourcecode.swift; path = FilterView.swift; sourceTree = "<group>"; };
		54B5F1C6298F907600FD4022 /* BlogList.swift */ = {isa = PBXFileReference; lastKnownFileType = sourcecode.swift; path = BlogList.swift; sourceTree = "<group>"; };
		54B5F1C8298F909400FD4022 /* BlogListCell.swift */ = {isa = PBXFileReference; lastKnownFileType = sourcecode.swift; path = BlogListCell.swift; sourceTree = "<group>"; };
		54B5F1CA298F909F00FD4022 /* BlogListCellData.swift */ = {isa = PBXFileReference; lastKnownFileType = sourcecode.swift; path = BlogListCellData.swift; sourceTree = "<group>"; };
/* End PBXFileReference section */

/* Begin PBXFrameworksBuildPhase section */
		54B5F199298F840600FD4022 /* Frameworks */ = {
			isa = PBXFrameworksBuildPhase;
			buildActionMask = 2147483647;
			files = (
				54B5F1BC298F845000FD4022 /* Kingfisher in Frameworks */,
				54B5F1B9298F843000FD4022 /* RxSwift in Frameworks */,
				54B5F1B7298F843000FD4022 /* RxRelay in Frameworks */,
				54B5F1B5298F843000FD4022 /* RxCocoa in Frameworks */,
				54B5F1BF298F845E00FD4022 /* SnapKit in Frameworks */,
			);
			runOnlyForDeploymentPostprocessing = 0;
		};
/* End PBXFrameworksBuildPhase section */

/* Begin PBXGroup section */
		543F7119298FCBED0045E30D /* SubComponents */ = {
			isa = PBXGroup;
			children = (
				543F711B298FCCD80045E30D /* SearchBar */,
				543F711C298FCCE20045E30D /* BlogListView */,
			);
			path = SubComponents;
			sourceTree = "<group>";
		};
		543F711A298FCCB90045E30D /* MainViewController */ = {
			isa = PBXGroup;
			children = (
				54B5F1C0298F84C200FD4022 /* MainViewController.swift */,
				543F7119298FCBED0045E30D /* SubComponents */,
			);
			path = MainViewController;
			sourceTree = "<group>";
		};
		543F711B298FCCD80045E30D /* SearchBar */ = {
			isa = PBXGroup;
			children = (
				54B5F1C2298F85EB00FD4022 /* SearchBar.swift */,
			);
			path = SearchBar;
			sourceTree = "<group>";
		};
		543F711C298FCCE20045E30D /* BlogListView */ = {
			isa = PBXGroup;
			children = (
				54B5F1C6298F907600FD4022 /* BlogList.swift */,
				543F711D298FCD090045E30D /* SubComponents */,
			);
			path = BlogListView;
			sourceTree = "<group>";
		};
		543F711D298FCD090045E30D /* SubComponents */ = {
			isa = PBXGroup;
			children = (
				54B5F1C4298F8E8600FD4022 /* FilterView.swift */,
				54B5F1C8298F909400FD4022 /* BlogListCell.swift */,
			);
			path = SubComponents;
			sourceTree = "<group>";
		};
		54B5F193298F840600FD4022 = {
			isa = PBXGroup;
			children = (
				54B5F19E298F840600FD4022 /* SearchDaumBlog */,
				54B5F19D298F840600FD4022 /* Products */,
			);
			sourceTree = "<group>";
		};
		54B5F19D298F840600FD4022 /* Products */ = {
			isa = PBXGroup;
			children = (
				54B5F19C298F840600FD4022 /* SearchDaumBlog.app */,
			);
			name = Products;
			sourceTree = "<group>";
		};
		54B5F19E298F840600FD4022 /* SearchDaumBlog */ = {
			isa = PBXGroup;
			children = (
				54B5F19F298F840600FD4022 /* AppDelegate.swift */,
				54B5F1A1298F840600FD4022 /* SceneDelegate.swift */,
				54B5F1CE298F910500FD4022 /* Entities */,
				54B5F1CD298F90F000FD4022 /* Presentation */,
				54B5F1A8298F840700FD4022 /* Assets.xcassets */,
				54B5F1AA298F840700FD4022 /* LaunchScreen.storyboard */,
				54B5F1AD298F840700FD4022 /* Info.plist */,
			);
			path = SearchDaumBlog;
			sourceTree = "<group>";
		};
		54B5F1CD298F90F000FD4022 /* Presentation */ = {
			isa = PBXGroup;
			children = (
				543F711A298FCCB90045E30D /* MainViewController */,
			);
			path = Presentation;
			sourceTree = "<group>";
		};
		54B5F1CE298F910500FD4022 /* Entities */ = {
			isa = PBXGroup;
			children = (
				54B5F1CA298F909F00FD4022 /* BlogListCellData.swift */,
				543F711E298FCF340045E30D /* AlertActionConvertible.swift */,
			);
			path = Entities;
			sourceTree = "<group>";
		};
/* End PBXGroup section */

/* Begin PBXNativeTarget section */
		54B5F19B298F840600FD4022 /* SearchDaumBlog */ = {
			isa = PBXNativeTarget;
			buildConfigurationList = 54B5F1B0298F840700FD4022 /* Build configuration list for PBXNativeTarget "SearchDaumBlog" */;
			buildPhases = (
				54B5F198298F840600FD4022 /* Sources */,
				54B5F199298F840600FD4022 /* Frameworks */,
				54B5F19A298F840600FD4022 /* Resources */,
			);
			buildRules = (
			);
			dependencies = (
			);
			name = SearchDaumBlog;
			packageProductDependencies = (
				54B5F1B4298F843000FD4022 /* RxCocoa */,
				54B5F1B6298F843000FD4022 /* RxRelay */,
				54B5F1B8298F843000FD4022 /* RxSwift */,
				54B5F1BB298F845000FD4022 /* Kingfisher */,
				54B5F1BE298F845E00FD4022 /* SnapKit */,
			);
			productName = SearchDaumBlog;
			productReference = 54B5F19C298F840600FD4022 /* SearchDaumBlog.app */;
			productType = "com.apple.product-type.application";
		};
/* End PBXNativeTarget section */

/* Begin PBXProject section */
		54B5F194298F840600FD4022 /* Project object */ = {
			isa = PBXProject;
			attributes = {
				BuildIndependentTargetsInParallel = 1;
				LastSwiftUpdateCheck = 1410;
				LastUpgradeCheck = 1410;
				TargetAttributes = {
					54B5F19B298F840600FD4022 = {
						CreatedOnToolsVersion = 14.1;
					};
				};
			};
			buildConfigurationList = 54B5F197298F840600FD4022 /* Build configuration list for PBXProject "SearchDaumBlog" */;
			compatibilityVersion = "Xcode 14.0";
			developmentRegion = en;
			hasScannedForEncodings = 0;
			knownRegions = (
				en,
				Base,
			);
			mainGroup = 54B5F193298F840600FD4022;
			packageReferences = (
				54B5F1B3298F843000FD4022 /* XCRemoteSwiftPackageReference "RxSwift" */,
				54B5F1BA298F845000FD4022 /* XCRemoteSwiftPackageReference "Kingfisher" */,
				54B5F1BD298F845E00FD4022 /* XCRemoteSwiftPackageReference "SnapKit" */,
			);
			productRefGroup = 54B5F19D298F840600FD4022 /* Products */;
			projectDirPath = "";
			projectRoot = "";
			targets = (
				54B5F19B298F840600FD4022 /* SearchDaumBlog */,
			);
		};
/* End PBXProject section */

/* Begin PBXResourcesBuildPhase section */
		54B5F19A298F840600FD4022 /* Resources */ = {
			isa = PBXResourcesBuildPhase;
			buildActionMask = 2147483647;
			files = (
				54B5F1AC298F840700FD4022 /* LaunchScreen.storyboard in Resources */,
				54B5F1A9298F840700FD4022 /* Assets.xcassets in Resources */,
			);
			runOnlyForDeploymentPostprocessing = 0;
		};
/* End PBXResourcesBuildPhase section */

/* Begin PBXSourcesBuildPhase section */
		54B5F198298F840600FD4022 /* Sources */ = {
			isa = PBXSourcesBuildPhase;
			buildActionMask = 2147483647;
			files = (
				54B5F1C1298F84C200FD4022 /* MainViewController.swift in Sources */,
				54B5F1C9298F909400FD4022 /* BlogListCell.swift in Sources */,
				54B5F1C7298F907600FD4022 /* BlogList.swift in Sources */,
				54B5F1CB298F909F00FD4022 /* BlogListCellData.swift in Sources */,
				54B5F1C3298F85EB00FD4022 /* SearchBar.swift in Sources */,
				54B5F1A0298F840600FD4022 /* AppDelegate.swift in Sources */,
				54B5F1C5298F8E8600FD4022 /* FilterView.swift in Sources */,
				54B5F1A2298F840600FD4022 /* SceneDelegate.swift in Sources */,
				543F711F298FCF340045E30D /* AlertActionConvertible.swift in Sources */,
			);
			runOnlyForDeploymentPostprocessing = 0;
		};
/* End PBXSourcesBuildPhase section */

/* Begin PBXVariantGroup section */
		54B5F1AA298F840700FD4022 /* LaunchScreen.storyboard */ = {
			isa = PBXVariantGroup;
			children = (
				54B5F1AB298F840700FD4022 /* Base */,
			);
			name = LaunchScreen.storyboard;
			sourceTree = "<group>";
		};
/* End PBXVariantGroup section */

/* Begin XCBuildConfiguration section */
		54B5F1AE298F840700FD4022 /* Debug */ = {
			isa = XCBuildConfiguration;
			buildSettings = {
				ALWAYS_SEARCH_USER_PATHS = NO;
				CLANG_ANALYZER_NONNULL = YES;
				CLANG_ANALYZER_NUMBER_OBJECT_CONVERSION = YES_AGGRESSIVE;
				CLANG_CXX_LANGUAGE_STANDARD = "gnu++20";
				CLANG_ENABLE_MODULES = YES;
				CLANG_ENABLE_OBJC_ARC = YES;
				CLANG_ENABLE_OBJC_WEAK = YES;
				CLANG_WARN_BLOCK_CAPTURE_AUTORELEASING = YES;
				CLANG_WARN_BOOL_CONVERSION = YES;
				CLANG_WARN_COMMA = YES;
				CLANG_WARN_CONSTANT_CONVERSION = YES;
				CLANG_WARN_DEPRECATED_OBJC_IMPLEMENTATIONS = YES;
				CLANG_WARN_DIRECT_OBJC_ISA_USAGE = YES_ERROR;
				CLANG_WARN_DOCUMENTATION_COMMENTS = YES;
				CLANG_WARN_EMPTY_BODY = YES;
				CLANG_WARN_ENUM_CONVERSION = YES;
				CLANG_WARN_INFINITE_RECURSION = YES;
				CLANG_WARN_INT_CONVERSION = YES;
				CLANG_WARN_NON_LITERAL_NULL_CONVERSION = YES;
				CLANG_WARN_OBJC_IMPLICIT_RETAIN_SELF = YES;
				CLANG_WARN_OBJC_LITERAL_CONVERSION = YES;
				CLANG_WARN_OBJC_ROOT_CLASS = YES_ERROR;
				CLANG_WARN_QUOTED_INCLUDE_IN_FRAMEWORK_HEADER = YES;
				CLANG_WARN_RANGE_LOOP_ANALYSIS = YES;
				CLANG_WARN_STRICT_PROTOTYPES = YES;
				CLANG_WARN_SUSPICIOUS_MOVE = YES;
				CLANG_WARN_UNGUARDED_AVAILABILITY = YES_AGGRESSIVE;
				CLANG_WARN_UNREACHABLE_CODE = YES;
				CLANG_WARN__DUPLICATE_METHOD_MATCH = YES;
				COPY_PHASE_STRIP = NO;
				DEBUG_INFORMATION_FORMAT = dwarf;
				ENABLE_STRICT_OBJC_MSGSEND = YES;
				ENABLE_TESTABILITY = YES;
				GCC_C_LANGUAGE_STANDARD = gnu11;
				GCC_DYNAMIC_NO_PIC = NO;
				GCC_NO_COMMON_BLOCKS = YES;
				GCC_OPTIMIZATION_LEVEL = 0;
				GCC_PREPROCESSOR_DEFINITIONS = (
					"DEBUG=1",
					"$(inherited)",
				);
				GCC_WARN_64_TO_32_BIT_CONVERSION = YES;
				GCC_WARN_ABOUT_RETURN_TYPE = YES_ERROR;
				GCC_WARN_UNDECLARED_SELECTOR = YES;
				GCC_WARN_UNINITIALIZED_AUTOS = YES_AGGRESSIVE;
				GCC_WARN_UNUSED_FUNCTION = YES;
				GCC_WARN_UNUSED_VARIABLE = YES;
				IPHONEOS_DEPLOYMENT_TARGET = 15.0;
				MTL_ENABLE_DEBUG_INFO = INCLUDE_SOURCE;
				MTL_FAST_MATH = YES;
				ONLY_ACTIVE_ARCH = YES;
				SDKROOT = iphoneos;
				SWIFT_ACTIVE_COMPILATION_CONDITIONS = DEBUG;
				SWIFT_OPTIMIZATION_LEVEL = "-Onone";
			};
			name = Debug;
		};
		54B5F1AF298F840700FD4022 /* Release */ = {
			isa = XCBuildConfiguration;
			buildSettings = {
				ALWAYS_SEARCH_USER_PATHS = NO;
				CLANG_ANALYZER_NONNULL = YES;
				CLANG_ANALYZER_NUMBER_OBJECT_CONVERSION = YES_AGGRESSIVE;
				CLANG_CXX_LANGUAGE_STANDARD = "gnu++20";
				CLANG_ENABLE_MODULES = YES;
				CLANG_ENABLE_OBJC_ARC = YES;
				CLANG_ENABLE_OBJC_WEAK = YES;
				CLANG_WARN_BLOCK_CAPTURE_AUTORELEASING = YES;
				CLANG_WARN_BOOL_CONVERSION = YES;
				CLANG_WARN_COMMA = YES;
				CLANG_WARN_CONSTANT_CONVERSION = YES;
				CLANG_WARN_DEPRECATED_OBJC_IMPLEMENTATIONS = YES;
				CLANG_WARN_DIRECT_OBJC_ISA_USAGE = YES_ERROR;
				CLANG_WARN_DOCUMENTATION_COMMENTS = YES;
				CLANG_WARN_EMPTY_BODY = YES;
				CLANG_WARN_ENUM_CONVERSION = YES;
				CLANG_WARN_INFINITE_RECURSION = YES;
				CLANG_WARN_INT_CONVERSION = YES;
				CLANG_WARN_NON_LITERAL_NULL_CONVERSION = YES;
				CLANG_WARN_OBJC_IMPLICIT_RETAIN_SELF = YES;
				CLANG_WARN_OBJC_LITERAL_CONVERSION = YES;
				CLANG_WARN_OBJC_ROOT_CLASS = YES_ERROR;
				CLANG_WARN_QUOTED_INCLUDE_IN_FRAMEWORK_HEADER = YES;
				CLANG_WARN_RANGE_LOOP_ANALYSIS = YES;
				CLANG_WARN_STRICT_PROTOTYPES = YES;
				CLANG_WARN_SUSPICIOUS_MOVE = YES;
				CLANG_WARN_UNGUARDED_AVAILABILITY = YES_AGGRESSIVE;
				CLANG_WARN_UNREACHABLE_CODE = YES;
				CLANG_WARN__DUPLICATE_METHOD_MATCH = YES;
				COPY_PHASE_STRIP = NO;
				DEBUG_INFORMATION_FORMAT = "dwarf-with-dsym";
				ENABLE_NS_ASSERTIONS = NO;
				ENABLE_STRICT_OBJC_MSGSEND = YES;
				GCC_C_LANGUAGE_STANDARD = gnu11;
				GCC_NO_COMMON_BLOCKS = YES;
				GCC_WARN_64_TO_32_BIT_CONVERSION = YES;
				GCC_WARN_ABOUT_RETURN_TYPE = YES_ERROR;
				GCC_WARN_UNDECLARED_SELECTOR = YES;
				GCC_WARN_UNINITIALIZED_AUTOS = YES_AGGRESSIVE;
				GCC_WARN_UNUSED_FUNCTION = YES;
				GCC_WARN_UNUSED_VARIABLE = YES;
				IPHONEOS_DEPLOYMENT_TARGET = 15.0;
				MTL_ENABLE_DEBUG_INFO = NO;
				MTL_FAST_MATH = YES;
				SDKROOT = iphoneos;
				SWIFT_COMPILATION_MODE = wholemodule;
				SWIFT_OPTIMIZATION_LEVEL = "-O";
				VALIDATE_PRODUCT = YES;
			};
			name = Release;
		};
		54B5F1B1298F840700FD4022 /* Debug */ = {
			isa = XCBuildConfiguration;
			buildSettings = {
				ASSETCATALOG_COMPILER_APPICON_NAME = AppIcon;
				ASSETCATALOG_COMPILER_GLOBAL_ACCENT_COLOR_NAME = AccentColor;
				CODE_SIGN_STYLE = Automatic;
				CURRENT_PROJECT_VERSION = 1;
				DEVELOPMENT_TEAM = N67R5W6U5A;
				GENERATE_INFOPLIST_FILE = YES;
				INFOPLIST_FILE = SearchDaumBlog/Info.plist;
				INFOPLIST_KEY_UIApplicationSupportsIndirectInputEvents = YES;
				INFOPLIST_KEY_UILaunchStoryboardName = LaunchScreen;
				INFOPLIST_KEY_UIMainStoryboardFile = "";
				INFOPLIST_KEY_UISupportedInterfaceOrientations = UIInterfaceOrientationPortrait;
				INFOPLIST_KEY_UISupportedInterfaceOrientations_iPad = "UIInterfaceOrientationLandscapeLeft UIInterfaceOrientationLandscapeRight UIInterfaceOrientationPortrait UIInterfaceOrientationPortraitUpsideDown";
				IPHONEOS_DEPLOYMENT_TARGET = 15.0;
				LD_RUNPATH_SEARCH_PATHS = (
					"$(inherited)",
					"@executable_path/Frameworks",
				);
				MARKETING_VERSION = 1.0;
				PRODUCT_BUNDLE_IDENTIFIER = michelle.SearchDaumBlog;
				PRODUCT_NAME = "$(TARGET_NAME)";
				SUPPORTED_PLATFORMS = "iphoneos iphonesimulator";
				SUPPORTS_MACCATALYST = NO;
				SUPPORTS_MAC_DESIGNED_FOR_IPHONE_IPAD = NO;
				SWIFT_EMIT_LOC_STRINGS = YES;
				SWIFT_VERSION = 5.0;
				TARGETED_DEVICE_FAMILY = 1;
			};
			name = Debug;
		};
		54B5F1B2298F840700FD4022 /* Release */ = {
			isa = XCBuildConfiguration;
			buildSettings = {
				ASSETCATALOG_COMPILER_APPICON_NAME = AppIcon;
				ASSETCATALOG_COMPILER_GLOBAL_ACCENT_COLOR_NAME = AccentColor;
				CODE_SIGN_STYLE = Automatic;
				CURRENT_PROJECT_VERSION = 1;
				DEVELOPMENT_TEAM = N67R5W6U5A;
				GENERATE_INFOPLIST_FILE = YES;
				INFOPLIST_FILE = SearchDaumBlog/Info.plist;
				INFOPLIST_KEY_UIApplicationSupportsIndirectInputEvents = YES;
				INFOPLIST_KEY_UILaunchStoryboardName = LaunchScreen;
				INFOPLIST_KEY_UIMainStoryboardFile = "";
				INFOPLIST_KEY_UISupportedInterfaceOrientations = UIInterfaceOrientationPortrait;
				INFOPLIST_KEY_UISupportedInterfaceOrientations_iPad = "UIInterfaceOrientationLandscapeLeft UIInterfaceOrientationLandscapeRight UIInterfaceOrientationPortrait UIInterfaceOrientationPortraitUpsideDown";
				IPHONEOS_DEPLOYMENT_TARGET = 15.0;
				LD_RUNPATH_SEARCH_PATHS = (
					"$(inherited)",
					"@executable_path/Frameworks",
				);
				MARKETING_VERSION = 1.0;
				PRODUCT_BUNDLE_IDENTIFIER = michelle.SearchDaumBlog;
				PRODUCT_NAME = "$(TARGET_NAME)";
				SUPPORTED_PLATFORMS = "iphoneos iphonesimulator";
				SUPPORTS_MACCATALYST = NO;
				SUPPORTS_MAC_DESIGNED_FOR_IPHONE_IPAD = NO;
				SWIFT_EMIT_LOC_STRINGS = YES;
				SWIFT_VERSION = 5.0;
				TARGETED_DEVICE_FAMILY = 1;
			};
			name = Release;
		};
/* End XCBuildConfiguration section */

/* Begin XCConfigurationList section */
		54B5F197298F840600FD4022 /* Build configuration list for PBXProject "SearchDaumBlog" */ = {
			isa = XCConfigurationList;
			buildConfigurations = (
				54B5F1AE298F840700FD4022 /* Debug */,
				54B5F1AF298F840700FD4022 /* Release */,
			);
			defaultConfigurationIsVisible = 0;
			defaultConfigurationName = Release;
		};
		54B5F1B0298F840700FD4022 /* Build configuration list for PBXNativeTarget "SearchDaumBlog" */ = {
			isa = XCConfigurationList;
			buildConfigurations = (
				54B5F1B1298F840700FD4022 /* Debug */,
				54B5F1B2298F840700FD4022 /* Release */,
			);
			defaultConfigurationIsVisible = 0;
			defaultConfigurationName = Release;
		};
/* End XCConfigurationList section */

/* Begin XCRemoteSwiftPackageReference section */
		54B5F1B3298F843000FD4022 /* XCRemoteSwiftPackageReference "RxSwift" */ = {
			isa = XCRemoteSwiftPackageReference;
			repositoryURL = "https://github.com/ReactiveX/RxSwift.git";
			requirement = {
				kind = upToNextMajorVersion;
				minimumVersion = 6.0.0;
			};
		};
		54B5F1BA298F845000FD4022 /* XCRemoteSwiftPackageReference "Kingfisher" */ = {
			isa = XCRemoteSwiftPackageReference;
			repositoryURL = "https://github.com/onevcat/Kingfisher.git";
			requirement = {
				kind = upToNextMajorVersion;
				minimumVersion = 7.0.0;
			};
		};
		54B5F1BD298F845E00FD4022 /* XCRemoteSwiftPackageReference "SnapKit" */ = {
			isa = XCRemoteSwiftPackageReference;
			repositoryURL = "https://github.com/SnapKit/SnapKit.git";
			requirement = {
				kind = upToNextMajorVersion;
				minimumVersion = 5.0.0;
			};
		};
/* End XCRemoteSwiftPackageReference section */

/* Begin XCSwiftPackageProductDependency section */
		54B5F1B4298F843000FD4022 /* RxCocoa */ = {
			isa = XCSwiftPackageProductDependency;
			package = 54B5F1B3298F843000FD4022 /* XCRemoteSwiftPackageReference "RxSwift" */;
			productName = RxCocoa;
		};
		54B5F1B6298F843000FD4022 /* RxRelay */ = {
			isa = XCSwiftPackageProductDependency;
			package = 54B5F1B3298F843000FD4022 /* XCRemoteSwiftPackageReference "RxSwift" */;
			productName = RxRelay;
		};
		54B5F1B8298F843000FD4022 /* RxSwift */ = {
			isa = XCSwiftPackageProductDependency;
			package = 54B5F1B3298F843000FD4022 /* XCRemoteSwiftPackageReference "RxSwift" */;
			productName = RxSwift;
		};
		54B5F1BB298F845000FD4022 /* Kingfisher */ = {
			isa = XCSwiftPackageProductDependency;
			package = 54B5F1BA298F845000FD4022 /* XCRemoteSwiftPackageReference "Kingfisher" */;
			productName = Kingfisher;
		};
		54B5F1BE298F845E00FD4022 /* SnapKit */ = {
			isa = XCSwiftPackageProductDependency;
			package = 54B5F1BD298F845E00FD4022 /* XCRemoteSwiftPackageReference "SnapKit" */;
			productName = SnapKit;
		};
/* End XCSwiftPackageProductDependency section */
	};
	rootObject = 54B5F194298F840600FD4022 /* Project object */;
}
