// !$*UTF8*$!
{
	archiveVersion = 1;
	classes = {
	};
	objectVersion = 56;
	objects = {

/* Begin PBXBuildFile section */
		541803042A514D8A00F5DF1D /* TranslateRequestModel.swift in Sources */ = {isa = PBXBuildFile; fileRef = 541803032A514D8A00F5DF1D /* TranslateRequestModel.swift */; };
		541803082A514E8B00F5DF1D /* TranslateResponseModel.swift in Sources */ = {isa = PBXBuildFile; fileRef = 541803072A514E8B00F5DF1D /* TranslateResponseModel.swift */; };
		5418030A2A5151B700F5DF1D /* TranslatorManager.swift in Sources */ = {isa = PBXBuildFile; fileRef = 541803092A5151B700F5DF1D /* TranslatorManager.swift */; };
		5418030D2A5154B900F5DF1D /* .gitignore in Resources */ = {isa = PBXBuildFile; fileRef = 5418030C2A5154B900F5DF1D /* .gitignore */; };
		541803122A5157D800F5DF1D /* APIKey.swift in Sources */ = {isa = PBXBuildFile; fileRef = 541803112A5157D800F5DF1D /* APIKey.swift */; };
		54555BA82A41D48D00B734BE /* Language.swift in Sources */ = {isa = PBXBuildFile; fileRef = 54555BA72A41D48D00B734BE /* Language.swift */; };
		547E37C92A51803100CB2333 /* Localizable.strings in Resources */ = {isa = PBXBuildFile; fileRef = 547E37CB2A51803100CB2333 /* Localizable.strings */; };
		54E673A12A48170A0005802E /* Bookmark.swift in Sources */ = {isa = PBXBuildFile; fileRef = 54E673A02A48170A0005802E /* Bookmark.swift */; };
		54E673A32A481A570005802E /* UserDefaults+.swift in Sources */ = {isa = PBXBuildFile; fileRef = 54E673A22A481A560005802E /* UserDefaults+.swift */; };
		54E673A62A482F270005802E /* BookmarkListViewController.swift in Sources */ = {isa = PBXBuildFile; fileRef = 54E673A52A482F270005802E /* BookmarkListViewController.swift */; };
		54E673A82A483BC10005802E /* BookmarkCollectionViewCell.swift in Sources */ = {isa = PBXBuildFile; fileRef = 54E673A72A483BC10005802E /* BookmarkCollectionViewCell.swift */; };
		54E673AA2A4856CE0005802E /* BookmarkTextStackView.swift in Sources */ = {isa = PBXBuildFile; fileRef = 54E673A92A4856CE0005802E /* BookmarkTextStackView.swift */; };
		54E673AC2A4859430005802E /* Type.swift in Sources */ = {isa = PBXBuildFile; fileRef = 54E673AB2A4859430005802E /* Type.swift */; };
		54EA30542A419D1500912140 /* SourceTextViewController.swift in Sources */ = {isa = PBXBuildFile; fileRef = 54EA30532A419D1500912140 /* SourceTextViewController.swift */; };
		54EC08002A3EF1450060133C /* AppDelegate.swift in Sources */ = {isa = PBXBuildFile; fileRef = 54EC07FF2A3EF1450060133C /* AppDelegate.swift */; };
		54EC08022A3EF1450060133C /* SceneDelegate.swift in Sources */ = {isa = PBXBuildFile; fileRef = 54EC08012A3EF1450060133C /* SceneDelegate.swift */; };
		54EC08042A3EF1450060133C /* TabBarController.swift in Sources */ = {isa = PBXBuildFile; fileRef = 54EC08032A3EF1450060133C /* TabBarController.swift */; };
		54EC08092A3EF1460060133C /* Assets.xcassets in Resources */ = {isa = PBXBuildFile; fileRef = 54EC08082A3EF1460060133C /* Assets.xcassets */; };
		54EC080C2A3EF1460060133C /* LaunchScreen.storyboard in Resources */ = {isa = PBXBuildFile; fileRef = 54EC080A2A3EF1460060133C /* LaunchScreen.storyboard */; };
		54EC08152A3EF1D90060133C /* SnapKit in Frameworks */ = {isa = PBXBuildFile; productRef = 54EC08142A3EF1D90060133C /* SnapKit */; };
		54EC08182A3EF1ED0060133C /* Alamofire in Frameworks */ = {isa = PBXBuildFile; productRef = 54EC08172A3EF1ED0060133C /* Alamofire */; };
		54EC081B2A3EF8600060133C /* TranslateViewController.swift in Sources */ = {isa = PBXBuildFile; fileRef = 54EC081A2A3EF8600060133C /* TranslateViewController.swift */; };
		54EC081D2A3EFDEB0060133C /* UIColor+.swift in Sources */ = {isa = PBXBuildFile; fileRef = 54EC081C2A3EFDEB0060133C /* UIColor+.swift */; };
/* End PBXBuildFile section */

/* Begin PBXFileReference section */
		541803032A514D8A00F5DF1D /* TranslateRequestModel.swift */ = {isa = PBXFileReference; lastKnownFileType = sourcecode.swift; path = TranslateRequestModel.swift; sourceTree = "<group>"; };
		541803072A514E8B00F5DF1D /* TranslateResponseModel.swift */ = {isa = PBXFileReference; lastKnownFileType = sourcecode.swift; path = TranslateResponseModel.swift; sourceTree = "<group>"; };
		541803092A5151B700F5DF1D /* TranslatorManager.swift */ = {isa = PBXFileReference; lastKnownFileType = sourcecode.swift; path = TranslatorManager.swift; sourceTree = "<group>"; };
		5418030C2A5154B900F5DF1D /* .gitignore */ = {isa = PBXFileReference; lastKnownFileType = text; path = .gitignore; sourceTree = "<group>"; };
		541803112A5157D800F5DF1D /* APIKey.swift */ = {isa = PBXFileReference; lastKnownFileType = sourcecode.swift; path = APIKey.swift; sourceTree = "<group>"; };
		54555BA72A41D48D00B734BE /* Language.swift */ = {isa = PBXFileReference; lastKnownFileType = sourcecode.swift; path = Language.swift; sourceTree = "<group>"; };
		547E37C82A51801A00CB2333 /* ko */ = {isa = PBXFileReference; lastKnownFileType = text.plist.strings; name = ko; path = ko.lproj/LaunchScreen.strings; sourceTree = "<group>"; };
		547E37CA2A51803100CB2333 /* en */ = {isa = PBXFileReference; lastKnownFileType = text.plist.strings; name = en; path = en.lproj/Localizable.strings; sourceTree = "<group>"; };
		547E37CC2A51804A00CB2333 /* ko */ = {isa = PBXFileReference; lastKnownFileType = text.plist.strings; name = ko; path = ko.lproj/Localizable.strings; sourceTree = "<group>"; };
		54E673A02A48170A0005802E /* Bookmark.swift */ = {isa = PBXFileReference; lastKnownFileType = sourcecode.swift; path = Bookmark.swift; sourceTree = "<group>"; };
		54E673A22A481A560005802E /* UserDefaults+.swift */ = {isa = PBXFileReference; lastKnownFileType = sourcecode.swift; path = "UserDefaults+.swift"; sourceTree = "<group>"; };
		54E673A52A482F270005802E /* BookmarkListViewController.swift */ = {isa = PBXFileReference; lastKnownFileType = sourcecode.swift; path = BookmarkListViewController.swift; sourceTree = "<group>"; };
		54E673A72A483BC10005802E /* BookmarkCollectionViewCell.swift */ = {isa = PBXFileReference; lastKnownFileType = sourcecode.swift; path = BookmarkCollectionViewCell.swift; sourceTree = "<group>"; };
		54E673A92A4856CE0005802E /* BookmarkTextStackView.swift */ = {isa = PBXFileReference; lastKnownFileType = sourcecode.swift; path = BookmarkTextStackView.swift; sourceTree = "<group>"; };
		54E673AB2A4859430005802E /* Type.swift */ = {isa = PBXFileReference; lastKnownFileType = sourcecode.swift; path = Type.swift; sourceTree = "<group>"; };
		54EA30532A419D1500912140 /* SourceTextViewController.swift */ = {isa = PBXFileReference; lastKnownFileType = sourcecode.swift; path = SourceTextViewController.swift; sourceTree = "<group>"; };
		54EC07FC2A3EF1450060133C /* Translate.app */ = {isa = PBXFileReference; explicitFileType = wrapper.application; includeInIndex = 0; path = Translate.app; sourceTree = BUILT_PRODUCTS_DIR; };
		54EC07FF2A3EF1450060133C /* AppDelegate.swift */ = {isa = PBXFileReference; lastKnownFileType = sourcecode.swift; path = AppDelegate.swift; sourceTree = "<group>"; };
		54EC08012A3EF1450060133C /* SceneDelegate.swift */ = {isa = PBXFileReference; lastKnownFileType = sourcecode.swift; path = SceneDelegate.swift; sourceTree = "<group>"; };
		54EC08032A3EF1450060133C /* TabBarController.swift */ = {isa = PBXFileReference; lastKnownFileType = sourcecode.swift; path = TabBarController.swift; sourceTree = "<group>"; };
		54EC08082A3EF1460060133C /* Assets.xcassets */ = {isa = PBXFileReference; lastKnownFileType = folder.assetcatalog; path = Assets.xcassets; sourceTree = "<group>"; };
		54EC080B2A3EF1460060133C /* Base */ = {isa = PBXFileReference; lastKnownFileType = file.storyboard; name = Base; path = Base.lproj/LaunchScreen.storyboard; sourceTree = "<group>"; };
		54EC080D2A3EF1460060133C /* Info.plist */ = {isa = PBXFileReference; lastKnownFileType = text.plist.xml; path = Info.plist; sourceTree = "<group>"; };
		54EC081A2A3EF8600060133C /* TranslateViewController.swift */ = {isa = PBXFileReference; lastKnownFileType = sourcecode.swift; path = TranslateViewController.swift; sourceTree = "<group>"; };
		54EC081C2A3EFDEB0060133C /* UIColor+.swift */ = {isa = PBXFileReference; lastKnownFileType = sourcecode.swift; path = "UIColor+.swift"; sourceTree = "<group>"; };
/* End PBXFileReference section */

/* Begin PBXFrameworksBuildPhase section */
		54EC07F92A3EF1450060133C /* Frameworks */ = {
			isa = PBXFrameworksBuildPhase;
			buildActionMask = 2147483647;
			files = (
				54EC08152A3EF1D90060133C /* SnapKit in Frameworks */,
				54EC08182A3EF1ED0060133C /* Alamofire in Frameworks */,
			);
			runOnlyForDeploymentPostprocessing = 0;
		};
/* End PBXFrameworksBuildPhase section */

/* Begin PBXGroup section */
		5418030B2A5151BE00F5DF1D /* Managers */ = {
			isa = PBXGroup;
			children = (
				541803092A5151B700F5DF1D /* TranslatorManager.swift */,
			);
			path = Managers;
			sourceTree = "<group>";
		};
		54E673A42A481A5B0005802E /* Extension */ = {
			isa = PBXGroup;
			children = (
				54EC081C2A3EFDEB0060133C /* UIColor+.swift */,
				54E673A22A481A560005802E /* UserDefaults+.swift */,
			);
			path = Extension;
			sourceTree = "<group>";
		};
		54E673AD2A485A190005802E /* Bookmark */ = {
			isa = PBXGroup;
			children = (
				54E673A52A482F270005802E /* BookmarkListViewController.swift */,
				54E673A72A483BC10005802E /* BookmarkCollectionViewCell.swift */,
				54E673A92A4856CE0005802E /* BookmarkTextStackView.swift */,
			);
			path = Bookmark;
			sourceTree = "<group>";
		};
		54E673AE2A485A2E0005802E /* Models */ = {
			isa = PBXGroup;
			children = (
				54555BA72A41D48D00B734BE /* Language.swift */,
				54E673A02A48170A0005802E /* Bookmark.swift */,
				54E673AB2A4859430005802E /* Type.swift */,
				541803032A514D8A00F5DF1D /* TranslateRequestModel.swift */,
				541803072A514E8B00F5DF1D /* TranslateResponseModel.swift */,
			);
			path = Models;
			sourceTree = "<group>";
		};
		54EA30552A419D1B00912140 /* Translate */ = {
			isa = PBXGroup;
			children = (
				54EC081A2A3EF8600060133C /* TranslateViewController.swift */,
				54EA30532A419D1500912140 /* SourceTextViewController.swift */,
			);
			path = Translate;
			sourceTree = "<group>";
		};
		54EC07F32A3EF1450060133C = {
			isa = PBXGroup;
			children = (
				5418030C2A5154B900F5DF1D /* .gitignore */,
				54EC07FE2A3EF1450060133C /* Translate */,
				54EC07FD2A3EF1450060133C /* Products */,
			);
			sourceTree = "<group>";
		};
		54EC07FD2A3EF1450060133C /* Products */ = {
			isa = PBXGroup;
			children = (
				54EC07FC2A3EF1450060133C /* Translate.app */,
			);
			name = Products;
			sourceTree = "<group>";
		};
		54EC07FE2A3EF1450060133C /* Translate */ = {
			isa = PBXGroup;
			children = (
				541803112A5157D800F5DF1D /* APIKey.swift */,
				54EC07FF2A3EF1450060133C /* AppDelegate.swift */,
				54EC08012A3EF1450060133C /* SceneDelegate.swift */,
				5418030B2A5151BE00F5DF1D /* Managers */,
				54E673AE2A485A2E0005802E /* Models */,
				54E673A42A481A5B0005802E /* Extension */,
				54EC08192A3EF84F0060133C /* Scenes */,
				54EC08082A3EF1460060133C /* Assets.xcassets */,
				54EC080A2A3EF1460060133C /* LaunchScreen.storyboard */,
				54EC080D2A3EF1460060133C /* Info.plist */,
				547E37CB2A51803100CB2333 /* Localizable.strings */,
			);
			path = Translate;
			sourceTree = "<group>";
		};
		54EC08192A3EF84F0060133C /* Scenes */ = {
			isa = PBXGroup;
			children = (
				54EC08032A3EF1450060133C /* TabBarController.swift */,
				54EA30552A419D1B00912140 /* Translate */,
				54E673AD2A485A190005802E /* Bookmark */,
			);
			path = Scenes;
			sourceTree = "<group>";
		};
/* End PBXGroup section */

/* Begin PBXNativeTarget section */
		54EC07FB2A3EF1450060133C /* Translate */ = {
			isa = PBXNativeTarget;
			buildConfigurationList = 54EC08102A3EF1460060133C /* Build configuration list for PBXNativeTarget "Translate" */;
			buildPhases = (
				54EC07F82A3EF1450060133C /* Sources */,
				54EC07F92A3EF1450060133C /* Frameworks */,
				54EC07FA2A3EF1450060133C /* Resources */,
			);
			buildRules = (
			);
			dependencies = (
			);
			name = Translate;
			packageProductDependencies = (
				54EC08142A3EF1D90060133C /* SnapKit */,
				54EC08172A3EF1ED0060133C /* Alamofire */,
			);
			productName = Translate;
			productReference = 54EC07FC2A3EF1450060133C /* Translate.app */;
			productType = "com.apple.product-type.application";
		};
/* End PBXNativeTarget section */

/* Begin PBXProject section */
		54EC07F42A3EF1450060133C /* Project object */ = {
			isa = PBXProject;
			attributes = {
				BuildIndependentTargetsInParallel = 1;
				LastSwiftUpdateCheck = 1410;
				LastUpgradeCheck = 1410;
				TargetAttributes = {
					54EC07FB2A3EF1450060133C = {
						CreatedOnToolsVersion = 14.1;
					};
				};
			};
			buildConfigurationList = 54EC07F72A3EF1450060133C /* Build configuration list for PBXProject "Translate" */;
			compatibilityVersion = "Xcode 14.0";
			developmentRegion = en;
			hasScannedForEncodings = 0;
			knownRegions = (
				en,
				Base,
				ko,
			);
			mainGroup = 54EC07F32A3EF1450060133C;
			packageReferences = (
				54EC08132A3EF1D90060133C /* XCRemoteSwiftPackageReference "SnapKit" */,
				54EC08162A3EF1ED0060133C /* XCRemoteSwiftPackageReference "Alamofire" */,
			);
			productRefGroup = 54EC07FD2A3EF1450060133C /* Products */;
			projectDirPath = "";
			projectRoot = "";
			targets = (
				54EC07FB2A3EF1450060133C /* Translate */,
			);
		};
/* End PBXProject section */

/* Begin PBXResourcesBuildPhase section */
		54EC07FA2A3EF1450060133C /* Resources */ = {
			isa = PBXResourcesBuildPhase;
			buildActionMask = 2147483647;
			files = (
				54EC080C2A3EF1460060133C /* LaunchScreen.storyboard in Resources */,
				547E37C92A51803100CB2333 /* Localizable.strings in Resources */,
				5418030D2A5154B900F5DF1D /* .gitignore in Resources */,
				54EC08092A3EF1460060133C /* Assets.xcassets in Resources */,
			);
			runOnlyForDeploymentPostprocessing = 0;
		};
/* End PBXResourcesBuildPhase section */

/* Begin PBXSourcesBuildPhase section */
		54EC07F82A3EF1450060133C /* Sources */ = {
			isa = PBXSourcesBuildPhase;
			buildActionMask = 2147483647;
			files = (
				54EC08042A3EF1450060133C /* TabBarController.swift in Sources */,
				54E673A32A481A570005802E /* UserDefaults+.swift in Sources */,
				541803042A514D8A00F5DF1D /* TranslateRequestModel.swift in Sources */,
				54EC081B2A3EF8600060133C /* TranslateViewController.swift in Sources */,
				54EA30542A419D1500912140 /* SourceTextViewController.swift in Sources */,
				54555BA82A41D48D00B734BE /* Language.swift in Sources */,
				541803082A514E8B00F5DF1D /* TranslateResponseModel.swift in Sources */,
				5418030A2A5151B700F5DF1D /* TranslatorManager.swift in Sources */,
				54EC08002A3EF1450060133C /* AppDelegate.swift in Sources */,
				54EC08022A3EF1450060133C /* SceneDelegate.swift in Sources */,
				54E673AC2A4859430005802E /* Type.swift in Sources */,
				54EC081D2A3EFDEB0060133C /* UIColor+.swift in Sources */,
				54E673A62A482F270005802E /* BookmarkListViewController.swift in Sources */,
				54E673A12A48170A0005802E /* Bookmark.swift in Sources */,
				54E673AA2A4856CE0005802E /* BookmarkTextStackView.swift in Sources */,
				54E673A82A483BC10005802E /* BookmarkCollectionViewCell.swift in Sources */,
				541803122A5157D800F5DF1D /* APIKey.swift in Sources */,
			);
			runOnlyForDeploymentPostprocessing = 0;
		};
/* End PBXSourcesBuildPhase section */

/* Begin PBXVariantGroup section */
		547E37CB2A51803100CB2333 /* Localizable.strings */ = {
			isa = PBXVariantGroup;
			children = (
				547E37CA2A51803100CB2333 /* en */,
				547E37CC2A51804A00CB2333 /* ko */,
			);
			name = Localizable.strings;
			sourceTree = "<group>";
		};
		54EC080A2A3EF1460060133C /* LaunchScreen.storyboard */ = {
			isa = PBXVariantGroup;
			children = (
				54EC080B2A3EF1460060133C /* Base */,
				547E37C82A51801A00CB2333 /* ko */,
			);
			name = LaunchScreen.storyboard;
			sourceTree = "<group>";
		};
/* End PBXVariantGroup section */

/* Begin XCBuildConfiguration section */
		54EC080E2A3EF1460060133C /* Debug */ = {
			isa = XCBuildConfiguration;
			buildSettings = {
				ALWAYS_SEARCH_USER_PATHS = NO;
				CLANG_ANALYZER_LOCALIZABILITY_NONLOCALIZED = YES;
				CLANG_ANALYZER_NONNULL = YES;
				CLANG_ANALYZER_NUMBER_OBJECT_CONVERSION = YES_AGGRESSIVE;
				CLANG_CXX_LANGUAGE_STANDARD = "gnu++20";
				CLANG_ENABLE_MODULES = YES;
				CLANG_ENABLE_OBJC_ARC = YES;
				CLANG_ENABLE_OBJC_WEAK = YES;
				CLANG_WARN_BLOCK_CAPTURE_AUTORELEASING = YES;
				CLANG_WARN_BOOL_CONVERSION = YES;
				CLANG_WARN_COMMA = YES;
				CLANG_WARN_CONSTANT_CONVERSION = YES;
				CLANG_WARN_DEPRECATED_OBJC_IMPLEMENTATIONS = YES;
				CLANG_WARN_DIRECT_OBJC_ISA_USAGE = YES_ERROR;
				CLANG_WARN_DOCUMENTATION_COMMENTS = YES;
				CLANG_WARN_EMPTY_BODY = YES;
				CLANG_WARN_ENUM_CONVERSION = YES;
				CLANG_WARN_INFINITE_RECURSION = YES;
				CLANG_WARN_INT_CONVERSION = YES;
				CLANG_WARN_NON_LITERAL_NULL_CONVERSION = YES;
				CLANG_WARN_OBJC_IMPLICIT_RETAIN_SELF = YES;
				CLANG_WARN_OBJC_LITERAL_CONVERSION = YES;
				CLANG_WARN_OBJC_ROOT_CLASS = YES_ERROR;
				CLANG_WARN_QUOTED_INCLUDE_IN_FRAMEWORK_HEADER = YES;
				CLANG_WARN_RANGE_LOOP_ANALYSIS = YES;
				CLANG_WARN_STRICT_PROTOTYPES = YES;
				CLANG_WARN_SUSPICIOUS_MOVE = YES;
				CLANG_WARN_UNGUARDED_AVAILABILITY = YES_AGGRESSIVE;
				CLANG_WARN_UNREACHABLE_CODE = YES;
				CLANG_WARN__DUPLICATE_METHOD_MATCH = YES;
				COPY_PHASE_STRIP = NO;
				DEBUG_INFORMATION_FORMAT = dwarf;
				ENABLE_STRICT_OBJC_MSGSEND = YES;
				ENABLE_TESTABILITY = YES;
				GCC_C_LANGUAGE_STANDARD = gnu11;
				GCC_DYNAMIC_NO_PIC = NO;
				GCC_NO_COMMON_BLOCKS = YES;
				GCC_OPTIMIZATION_LEVEL = 0;
				GCC_PREPROCESSOR_DEFINITIONS = (
					"DEBUG=1",
					"$(inherited)",
				);
				GCC_WARN_64_TO_32_BIT_CONVERSION = YES;
				GCC_WARN_ABOUT_RETURN_TYPE = YES_ERROR;
				GCC_WARN_UNDECLARED_SELECTOR = YES;
				GCC_WARN_UNINITIALIZED_AUTOS = YES_AGGRESSIVE;
				GCC_WARN_UNUSED_FUNCTION = YES;
				GCC_WARN_UNUSED_VARIABLE = YES;
				IPHONEOS_DEPLOYMENT_TARGET = 16.1;
				MTL_ENABLE_DEBUG_INFO = INCLUDE_SOURCE;
				MTL_FAST_MATH = YES;
				ONLY_ACTIVE_ARCH = YES;
				SDKROOT = iphoneos;
				SWIFT_ACTIVE_COMPILATION_CONDITIONS = DEBUG;
				SWIFT_OPTIMIZATION_LEVEL = "-Onone";
			};
			name = Debug;
		};
		54EC080F2A3EF1460060133C /* Release */ = {
			isa = XCBuildConfiguration;
			buildSettings = {
				ALWAYS_SEARCH_USER_PATHS = NO;
				CLANG_ANALYZER_LOCALIZABILITY_NONLOCALIZED = YES;
				CLANG_ANALYZER_NONNULL = YES;
				CLANG_ANALYZER_NUMBER_OBJECT_CONVERSION = YES_AGGRESSIVE;
				CLANG_CXX_LANGUAGE_STANDARD = "gnu++20";
				CLANG_ENABLE_MODULES = YES;
				CLANG_ENABLE_OBJC_ARC = YES;
				CLANG_ENABLE_OBJC_WEAK = YES;
				CLANG_WARN_BLOCK_CAPTURE_AUTORELEASING = YES;
				CLANG_WARN_BOOL_CONVERSION = YES;
				CLANG_WARN_COMMA = YES;
				CLANG_WARN_CONSTANT_CONVERSION = YES;
				CLANG_WARN_DEPRECATED_OBJC_IMPLEMENTATIONS = YES;
				CLANG_WARN_DIRECT_OBJC_ISA_USAGE = YES_ERROR;
				CLANG_WARN_DOCUMENTATION_COMMENTS = YES;
				CLANG_WARN_EMPTY_BODY = YES;
				CLANG_WARN_ENUM_CONVERSION = YES;
				CLANG_WARN_INFINITE_RECURSION = YES;
				CLANG_WARN_INT_CONVERSION = YES;
				CLANG_WARN_NON_LITERAL_NULL_CONVERSION = YES;
				CLANG_WARN_OBJC_IMPLICIT_RETAIN_SELF = YES;
				CLANG_WARN_OBJC_LITERAL_CONVERSION = YES;
				CLANG_WARN_OBJC_ROOT_CLASS = YES_ERROR;
				CLANG_WARN_QUOTED_INCLUDE_IN_FRAMEWORK_HEADER = YES;
				CLANG_WARN_RANGE_LOOP_ANALYSIS = YES;
				CLANG_WARN_STRICT_PROTOTYPES = YES;
				CLANG_WARN_SUSPICIOUS_MOVE = YES;
				CLANG_WARN_UNGUARDED_AVAILABILITY = YES_AGGRESSIVE;
				CLANG_WARN_UNREACHABLE_CODE = YES;
				CLANG_WARN__DUPLICATE_METHOD_MATCH = YES;
				COPY_PHASE_STRIP = NO;
				DEBUG_INFORMATION_FORMAT = "dwarf-with-dsym";
				ENABLE_NS_ASSERTIONS = NO;
				ENABLE_STRICT_OBJC_MSGSEND = YES;
				GCC_C_LANGUAGE_STANDARD = gnu11;
				GCC_NO_COMMON_BLOCKS = YES;
				GCC_WARN_64_TO_32_BIT_CONVERSION = YES;
				GCC_WARN_ABOUT_RETURN_TYPE = YES_ERROR;
				GCC_WARN_UNDECLARED_SELECTOR = YES;
				GCC_WARN_UNINITIALIZED_AUTOS = YES_AGGRESSIVE;
				GCC_WARN_UNUSED_FUNCTION = YES;
				GCC_WARN_UNUSED_VARIABLE = YES;
				IPHONEOS_DEPLOYMENT_TARGET = 16.1;
				MTL_ENABLE_DEBUG_INFO = NO;
				MTL_FAST_MATH = YES;
				SDKROOT = iphoneos;
				SWIFT_COMPILATION_MODE = wholemodule;
				SWIFT_OPTIMIZATION_LEVEL = "-O";
				VALIDATE_PRODUCT = YES;
			};
			name = Release;
		};
		54EC08112A3EF1460060133C /* Debug */ = {
			isa = XCBuildConfiguration;
			buildSettings = {
				ASSETCATALOG_COMPILER_APPICON_NAME = AppIcon;
				ASSETCATALOG_COMPILER_GLOBAL_ACCENT_COLOR_NAME = AccentColor;
				CODE_SIGN_STYLE = Automatic;
				CURRENT_PROJECT_VERSION = 1;
				DEVELOPMENT_TEAM = N67R5W6U5A;
				GENERATE_INFOPLIST_FILE = YES;
				INFOPLIST_FILE = Translate/Info.plist;
				INFOPLIST_KEY_UIApplicationSupportsIndirectInputEvents = YES;
				INFOPLIST_KEY_UILaunchStoryboardName = LaunchScreen;
				INFOPLIST_KEY_UISupportedInterfaceOrientations = UIInterfaceOrientationPortrait;
				LD_RUNPATH_SEARCH_PATHS = (
					"$(inherited)",
					"@executable_path/Frameworks",
				);
				MARKETING_VERSION = 1.0;
				PRODUCT_BUNDLE_IDENTIFIER = michelle.Translate;
				PRODUCT_NAME = "$(TARGET_NAME)";
				SWIFT_EMIT_LOC_STRINGS = YES;
				SWIFT_VERSION = 5.0;
				TARGETED_DEVICE_FAMILY = "1,2";
			};
			name = Debug;
		};
		54EC08122A3EF1460060133C /* Release */ = {
			isa = XCBuildConfiguration;
			buildSettings = {
				ASSETCATALOG_COMPILER_APPICON_NAME = AppIcon;
				ASSETCATALOG_COMPILER_GLOBAL_ACCENT_COLOR_NAME = AccentColor;
				CODE_SIGN_STYLE = Automatic;
				CURRENT_PROJECT_VERSION = 1;
				DEVELOPMENT_TEAM = N67R5W6U5A;
				GENERATE_INFOPLIST_FILE = YES;
				INFOPLIST_FILE = Translate/Info.plist;
				INFOPLIST_KEY_UIApplicationSupportsIndirectInputEvents = YES;
				INFOPLIST_KEY_UILaunchStoryboardName = LaunchScreen;
				INFOPLIST_KEY_UISupportedInterfaceOrientations = UIInterfaceOrientationPortrait;
				LD_RUNPATH_SEARCH_PATHS = (
					"$(inherited)",
					"@executable_path/Frameworks",
				);
				MARKETING_VERSION = 1.0;
				PRODUCT_BUNDLE_IDENTIFIER = michelle.Translate;
				PRODUCT_NAME = "$(TARGET_NAME)";
				SWIFT_EMIT_LOC_STRINGS = YES;
				SWIFT_VERSION = 5.0;
				TARGETED_DEVICE_FAMILY = "1,2";
			};
			name = Release;
		};
/* End XCBuildConfiguration section */

/* Begin XCConfigurationList section */
		54EC07F72A3EF1450060133C /* Build configuration list for PBXProject "Translate" */ = {
			isa = XCConfigurationList;
			buildConfigurations = (
				54EC080E2A3EF1460060133C /* Debug */,
				54EC080F2A3EF1460060133C /* Release */,
			);
			defaultConfigurationIsVisible = 0;
			defaultConfigurationName = Release;
		};
		54EC08102A3EF1460060133C /* Build configuration list for PBXNativeTarget "Translate" */ = {
			isa = XCConfigurationList;
			buildConfigurations = (
				54EC08112A3EF1460060133C /* Debug */,
				54EC08122A3EF1460060133C /* Release */,
			);
			defaultConfigurationIsVisible = 0;
			defaultConfigurationName = Release;
		};
/* End XCConfigurationList section */

/* Begin XCRemoteSwiftPackageReference section */
		54EC08132A3EF1D90060133C /* XCRemoteSwiftPackageReference "SnapKit" */ = {
			isa = XCRemoteSwiftPackageReference;
			repositoryURL = "https://github.com/SnapKit/SnapKit.git";
			requirement = {
				kind = upToNextMajorVersion;
				minimumVersion = 5.0.0;
			};
		};
		54EC08162A3EF1ED0060133C /* XCRemoteSwiftPackageReference "Alamofire" */ = {
			isa = XCRemoteSwiftPackageReference;
			repositoryURL = "https://github.com/Alamofire/Alamofire.git";
			requirement = {
				kind = upToNextMajorVersion;
				minimumVersion = 5.0.0;
			};
		};
/* End XCRemoteSwiftPackageReference section */

/* Begin XCSwiftPackageProductDependency section */
		54EC08142A3EF1D90060133C /* SnapKit */ = {
			isa = XCSwiftPackageProductDependency;
			package = 54EC08132A3EF1D90060133C /* XCRemoteSwiftPackageReference "SnapKit" */;
			productName = SnapKit;
		};
		54EC08172A3EF1ED0060133C /* Alamofire */ = {
			isa = XCSwiftPackageProductDependency;
			package = 54EC08162A3EF1ED0060133C /* XCRemoteSwiftPackageReference "Alamofire" */;
			productName = Alamofire;
		};
/* End XCSwiftPackageProductDependency section */
	};
	rootObject = 54EC07F42A3EF1450060133C /* Project object */;
}
